
Microsoft Visual Studio Solution File, Format Version 12.00
# Visual Studio 15
VisualStudioVersion = 15.0.28307.136
MinimumVisualStudioVersion = 10.0.40219.1
Project("{2150E333-8FDC-42A3-9474-1A3956D46DE8}") = "src", "src", "{10AE86FF-981C-4602-930E-796E5B44130B}"
EndProject
Project("{2150E333-8FDC-42A3-9474-1A3956D46DE8}") = "test", "test", "{D6074958-A1A2-4B63-A4E6-5EFB3461E648}"
EndProject
Project("{FAE04EC0-301F-11D3-BF4B-00C04F79EFBC}") = "FileCompress", "src\FileCompress\FileCompress.csproj", "{C9BE79EC-6E41-4283-B4CE-FD9521D7EDE3}"
EndProject
Project("{FAE04EC0-301F-11D3-BF4B-00C04F79EFBC}") = "FileCompress.SharpCompress", "src\FileCompress.SharpCompress\FileCompress.SharpCompress.csproj", "{D2B15A83-8746-44BD-ADE6-A83D01AE5B3E}"
EndProject
Project("{FAE04EC0-301F-11D3-BF4B-00C04F79EFBC}") = "FileCompress.SharpZipLib", "src\FileCompress.SharpZipLib\FileCompress.SharpZipLib.csproj", "{AC37F4E3-A475-44BE-AB51-C9171E924A8B}"
EndProject
Project("{FAE04EC0-301F-11D3-BF4B-00C04F79EFBC}") = "FileCompress.Tests", "test\FileCompress.Tests\FileCompress.Tests.csproj", "{1CD91B3B-0E3D-4079-9DAD-EFBEFF32522A}"
EndProject
Global
	GlobalSection(SolutionConfigurationPlatforms) = preSolution
		Debug|Any CPU = Debug|Any CPU
		Release|Any CPU = Release|Any CPU
	EndGlobalSection
	GlobalSection(ProjectConfigurationPlatforms) = postSolution
		{C9BE79EC-6E41-4283-B4CE-FD9521D7EDE3}.Debug|Any CPU.ActiveCfg = Debug|Any CPU
		{C9BE79EC-6E41-4283-B4CE-FD9521D7EDE3}.Debug|Any CPU.Build.0 = Debug|Any CPU
		{C9BE79EC-6E41-4283-B4CE-FD9521D7EDE3}.Release|Any CPU.ActiveCfg = Release|Any CPU
		{C9BE79EC-6E41-4283-B4CE-FD9521D7EDE3}.Release|Any CPU.Build.0 = Release|Any CPU
		{D2B15A83-8746-44BD-ADE6-A83D01AE5B3E}.Debug|Any CPU.ActiveCfg = Debug|Any CPU
		{D2B15A83-8746-44BD-ADE6-A83D01AE5B3E}.Debug|Any CPU.Build.0 = Debug|Any CPU
		{D2B15A83-8746-44BD-ADE6-A83D01AE5B3E}.Release|Any CPU.ActiveCfg = Release|Any CPU
		{D2B15A83-8746-44BD-ADE6-A83D01AE5B3E}.Release|Any CPU.Build.0 = Release|Any CPU
		{AC37F4E3-A475-44BE-AB51-C9171E924A8B}.Debug|Any CPU.ActiveCfg = Debug|Any CPU
		{AC37F4E3-A475-44BE-AB51-C9171E924A8B}.Debug|Any CPU.Build.0 = Debug|Any CPU
		{AC37F4E3-A475-44BE-AB51-C9171E924A8B}.Release|Any CPU.ActiveCfg = Release|Any CPU
		{AC37F4E3-A475-44BE-AB51-C9171E924A8B}.Release|Any CPU.Build.0 = Release|Any CPU
		{1CD91B3B-0E3D-4079-9DAD-EFBEFF32522A}.Debug|Any CPU.ActiveCfg = Debug|Any CPU
		{1CD91B3B-0E3D-4079-9DAD-EFBEFF32522A}.Debug|Any CPU.Build.0 = Debug|Any CPU
		{1CD91B3B-0E3D-4079-9DAD-EFBEFF32522A}.Release|Any CPU.ActiveCfg = Release|Any CPU
		{1CD91B3B-0E3D-4079-9DAD-EFBEFF32522A}.Release|Any CPU.Build.0 = Release|Any CPU
	EndGlobalSection
	GlobalSection(SolutionProperties) = preSolution
		HideSolutionNode = FALSE
	EndGlobalSection
	GlobalSection(NestedProjects) = preSolution
		{C9BE79EC-6E41-4283-B4CE-FD9521D7EDE3} = {10AE86FF-981C-4602-930E-796E5B44130B}
		{D2B15A83-8746-44BD-ADE6-A83D01AE5B3E} = {10AE86FF-981C-4602-930E-796E5B44130B}
		{AC37F4E3-A475-44BE-AB51-C9171E924A8B} = {10AE86FF-981C-4602-930E-796E5B44130B}
		{1CD91B3B-0E3D-4079-9DAD-EFBEFF32522A} = {D6074958-A1A2-4B63-A4E6-5EFB3461E648}
	EndGlobalSection
	GlobalSection(ExtensibilityGlobals) = postSolution
		SolutionGuid = {D556DB0D-EF3D-4326-97B8-E4033F2252E7}
	EndGlobalSection
EndGlobal
